
Microsoft Visual Studio Solution File, Format Version 12.00
# Visual Studio Version 16
VisualStudioVersion = 16.0.31205.134
MinimumVisualStudioVersion = 10.0.40219.1
Project("{9A19103F-16F7-4668-BE54-9A1E7A4F7556}") = "Domain", "Domain\Domain.csproj", "{94A17F06-1C89-456A-82CD-45CC86CA313D}"
EndProject
Project("{9A19103F-16F7-4668-BE54-9A1E7A4F7556}") = "UI", "UI\UI.csproj", "{B648BAD4-3C56-4090-A032-354E738E36CE}"
EndProject
Project("{9A19103F-16F7-4668-BE54-9A1E7A4F7556}") = "Infrastructure", "Infrastructure\Infrastructure.csproj", "{B8C39C92-8C58-4ED5-ACF3-86834305338A}"
EndProject
Project("{2150E333-8FDC-42A3-9474-1A3956D46DE8}") = "Solution Items", "Solution Items", "{B668B5FD-3FE9-444C-8A5D-CDCDD0612CB7}"
	ProjectSection(SolutionItems) = preProject
		.editorconfig = .editorconfig
	EndProjectSection
EndProject
Global
	GlobalSection(SolutionConfigurationPlatforms) = preSolution
		Debug|Any CPU = Debug|Any CPU
		Release|Any CPU = Release|Any CPU
	EndGlobalSection
	GlobalSection(ProjectConfigurationPlatforms) = postSolution
		{94A17F06-1C89-456A-82CD-45CC86CA313D}.Debug|Any CPU.ActiveCfg = Debug|Any CPU
		{94A17F06-1C89-456A-82CD-45CC86CA313D}.Debug|Any CPU.Build.0 = Debug|Any CPU
		{94A17F06-1C89-456A-82CD-45CC86CA313D}.Release|Any CPU.ActiveCfg = Release|Any CPU
		{94A17F06-1C89-456A-82CD-45CC86CA313D}.Release|Any CPU.Build.0 = Release|Any CPU
		{B648BAD4-3C56-4090-A032-354E738E36CE}.Debug|Any CPU.ActiveCfg = Debug|Any CPU
		{B648BAD4-3C56-4090-A032-354E738E36CE}.Debug|Any CPU.Build.0 = Debug|Any CPU
		{B648BAD4-3C56-4090-A032-354E738E36CE}.Release|Any CPU.ActiveCfg = Release|Any CPU
		{B648BAD4-3C56-4090-A032-354E738E36CE}.Release|Any CPU.Build.0 = Release|Any CPU
		{B8C39C92-8C58-4ED5-ACF3-86834305338A}.Debug|Any CPU.ActiveCfg = Debug|Any CPU
		{B8C39C92-8C58-4ED5-ACF3-86834305338A}.Debug|Any CPU.Build.0 = Debug|Any CPU
		{B8C39C92-8C58-4ED5-ACF3-86834305338A}.Release|Any CPU.ActiveCfg = Release|Any CPU
		{B8C39C92-8C58-4ED5-ACF3-86834305338A}.Release|Any CPU.Build.0 = Release|Any CPU
	EndGlobalSection
	GlobalSection(SolutionProperties) = preSolution
		HideSolutionNode = FALSE
	EndGlobalSection
	GlobalSection(ExtensibilityGlobals) = postSolution
		SolutionGuid = {BFE6E3FC-7D1E-46CD-A146-17C2DED1A571}
	EndGlobalSection
EndGlobal
